// !$*UTF8*$!
{
	archiveVersion = 1;
	classes = {
	};
	objectVersion = 46;
	objects = {

/* Begin PBXBuildFile section */
		9327FB851DDA67060045B36C /* AppDelegate.swift in Sources */ = {isa = PBXBuildFile; fileRef = 9327FB841DDA67060045B36C /* AppDelegate.swift */; };
		9327FB8A1DDA67060045B36C /* Main.storyboard in Resources */ = {isa = PBXBuildFile; fileRef = 9327FB881DDA67060045B36C /* Main.storyboard */; };
		9327FB8C1DDA67060045B36C /* Assets.xcassets in Resources */ = {isa = PBXBuildFile; fileRef = 9327FB8B1DDA67060045B36C /* Assets.xcassets */; };
		9327FB8F1DDA67060045B36C /* LaunchScreen.storyboard in Resources */ = {isa = PBXBuildFile; fileRef = 9327FB8D1DDA67060045B36C /* LaunchScreen.storyboard */; };
		9327FB971DDA69D20045B36C /* Bulb.swift in Sources */ = {isa = PBXBuildFile; fileRef = 9327FB961DDA69D20045B36C /* Bulb.swift */; };
		9327FB991DDA69FD0045B36C /* Estimate.swift in Sources */ = {isa = PBXBuildFile; fileRef = 9327FB981DDA69FD0045B36C /* Estimate.swift */; };
		9327FB9B1DDA6A0D0045B36C /* EstimateController.swift in Sources */ = {isa = PBXBuildFile; fileRef = 9327FB9A1DDA6A0D0045B36C /* EstimateController.swift */; };
		9327FB9D1DDA6A4D0045B36C /* InitialSceneViewController.swift in Sources */ = {isa = PBXBuildFile; fileRef = 9327FB9C1DDA6A4D0045B36C /* InitialSceneViewController.swift */; };
/* End PBXBuildFile section */

/* Begin PBXFileReference section */
		9327FB811DDA67060045B36C /* ChristmasLightsCostCalculator.app */ = {isa = PBXFileReference; explicitFileType = wrapper.application; includeInIndex = 0; path = ChristmasLightsCostCalculator.app; sourceTree = BUILT_PRODUCTS_DIR; };
		9327FB841DDA67060045B36C /* AppDelegate.swift */ = {isa = PBXFileReference; lastKnownFileType = sourcecode.swift; path = AppDelegate.swift; sourceTree = "<group>"; };
		9327FB891DDA67060045B36C /* Base */ = {isa = PBXFileReference; lastKnownFileType = file.storyboard; name = Base; path = Base.lproj/Main.storyboard; sourceTree = "<group>"; };
		9327FB8B1DDA67060045B36C /* Assets.xcassets */ = {isa = PBXFileReference; lastKnownFileType = folder.assetcatalog; path = Assets.xcassets; sourceTree = "<group>"; };
		9327FB8E1DDA67060045B36C /* Base */ = {isa = PBXFileReference; lastKnownFileType = file.storyboard; name = Base; path = Base.lproj/LaunchScreen.storyboard; sourceTree = "<group>"; };
		9327FB901DDA67060045B36C /* Info.plist */ = {isa = PBXFileReference; lastKnownFileType = text.plist.xml; path = Info.plist; sourceTree = "<group>"; };
		9327FB961DDA69D20045B36C /* Bulb.swift */ = {isa = PBXFileReference; fileEncoding = 4; lastKnownFileType = sourcecode.swift; path = Bulb.swift; sourceTree = "<group>"; };
		9327FB981DDA69FD0045B36C /* Estimate.swift */ = {isa = PBXFileReference; fileEncoding = 4; lastKnownFileType = sourcecode.swift; path = Estimate.swift; sourceTree = "<group>"; };
		9327FB9A1DDA6A0D0045B36C /* EstimateController.swift */ = {isa = PBXFileReference; fileEncoding = 4; lastKnownFileType = sourcecode.swift; path = EstimateController.swift; sourceTree = "<group>"; };
		9327FB9C1DDA6A4D0045B36C /* InitialSceneViewController.swift */ = {isa = PBXFileReference; fileEncoding = 4; lastKnownFileType = sourcecode.swift; path = InitialSceneViewController.swift; sourceTree = "<group>"; };
/* End PBXFileReference section */

/* Begin PBXFrameworksBuildPhase section */
		9327FB7E1DDA67060045B36C /* Frameworks */ = {
			isa = PBXFrameworksBuildPhase;
			buildActionMask = 2147483647;
			files = (
			);
			runOnlyForDeploymentPostprocessing = 0;
		};
/* End PBXFrameworksBuildPhase section */

/* Begin PBXGroup section */
		9327FB781DDA67060045B36C = {
			isa = PBXGroup;
			children = (
				9327FB831DDA67060045B36C /* ChristmasLightsCostCalculator */,
				9327FB821DDA67060045B36C /* Products */,
			);
			sourceTree = "<group>";
		};
		9327FB821DDA67060045B36C /* Products */ = {
			isa = PBXGroup;
			children = (
				9327FB811DDA67060045B36C /* ChristmasLightsCostCalculator.app */,
			);
			name = Products;
			sourceTree = "<group>";
		};
		9327FB831DDA67060045B36C /* ChristmasLightsCostCalculator */ = {
			isa = PBXGroup;
			children = (
				9327FB841DDA67060045B36C /* AppDelegate.swift */,
				9327FB881DDA67060045B36C /* Main.storyboard */,
				9327FB961DDA69D20045B36C /* Bulb.swift */,
				9327FB981DDA69FD0045B36C /* Estimate.swift */,
				9327FB9A1DDA6A0D0045B36C /* EstimateController.swift */,
				9327FB9C1DDA6A4D0045B36C /* InitialSceneViewController.swift */,
				9327FB8B1DDA67060045B36C /* Assets.xcassets */,
				9327FB8D1DDA67060045B36C /* LaunchScreen.storyboard */,
				9327FB901DDA67060045B36C /* Info.plist */,
			);
			path = ChristmasLightsCostCalculator;
			sourceTree = "<group>";
		};
/* End PBXGroup section */

/* Begin PBXNativeTarget section */
		9327FB801DDA67060045B36C /* ChristmasLightsCostCalculator */ = {
			isa = PBXNativeTarget;
			buildConfigurationList = 9327FB931DDA67060045B36C /* Build configuration list for PBXNativeTarget "ChristmasLightsCostCalculator" */;
			buildPhases = (
				9327FB7D1DDA67060045B36C /* Sources */,
				9327FB7E1DDA67060045B36C /* Frameworks */,
				9327FB7F1DDA67060045B36C /* Resources */,
			);
			buildRules = (
			);
			dependencies = (
			);
			name = ChristmasLightsCostCalculator;
			productName = ChristmasLightsCostCalculator;
			productReference = 9327FB811DDA67060045B36C /* ChristmasLightsCostCalculator.app */;
			productType = "com.apple.product-type.application";
		};
/* End PBXNativeTarget section */

/* Begin PBXProject section */
		9327FB791DDA67060045B36C /* Project object */ = {
			isa = PBXProject;
			attributes = {
				LastSwiftUpdateCheck = 0810;
				LastUpgradeCheck = 0810;
				ORGANIZATIONNAME = "Aaron Martinez";
				TargetAttributes = {
					9327FB801DDA67060045B36C = {
						CreatedOnToolsVersion = 8.1;
						DevelopmentTeam = D9JMB4MDLY;
						ProvisioningStyle = Automatic;
					};
				};
			};
			buildConfigurationList = 9327FB7C1DDA67060045B36C /* Build configuration list for PBXProject "ChristmasLightsCostCalculator" */;
			compatibilityVersion = "Xcode 3.2";
			developmentRegion = English;
			hasScannedForEncodings = 0;
			knownRegions = (
				en,
				Base,
			);
			mainGroup = 9327FB781DDA67060045B36C;
			productRefGroup = 9327FB821DDA67060045B36C /* Products */;
			projectDirPath = "";
			projectRoot = "";
			targets = (
				9327FB801DDA67060045B36C /* ChristmasLightsCostCalculator */,
			);
		};
/* End PBXProject section */

/* Begin PBXResourcesBuildPhase section */
		9327FB7F1DDA67060045B36C /* Resources */ = {
			isa = PBXResourcesBuildPhase;
			buildActionMask = 2147483647;
			files = (
				9327FB8F1DDA67060045B36C /* LaunchScreen.storyboard in Resources */,
				9327FB8C1DDA67060045B36C /* Assets.xcassets in Resources */,
				9327FB8A1DDA67060045B36C /* Main.storyboard in Resources */,
			);
			runOnlyForDeploymentPostprocessing = 0;
		};
/* End PBXResourcesBuildPhase section */

/* Begin PBXSourcesBuildPhase section */
		9327FB7D1DDA67060045B36C /* Sources */ = {
			isa = PBXSourcesBuildPhase;
			buildActionMask = 2147483647;
			files = (
				9327FB971DDA69D20045B36C /* Bulb.swift in Sources */,
				9327FB991DDA69FD0045B36C /* Estimate.swift in Sources */,
				9327FB851DDA67060045B36C /* AppDelegate.swift in Sources */,
				9327FB9B1DDA6A0D0045B36C /* EstimateController.swift in Sources */,
				9327FB9D1DDA6A4D0045B36C /* InitialSceneViewController.swift in Sources */,
			);
			runOnlyForDeploymentPostprocessing = 0;
		};
/* End PBXSourcesBuildPhase section */

/* Begin PBXVariantGroup section */
		9327FB881DDA67060045B36C /* Main.storyboard */ = {
			isa = PBXVariantGroup;
			children = (
				9327FB891DDA67060045B36C /* Base */,
			);
			name = Main.storyboard;
			sourceTree = "<group>";
		};
		9327FB8D1DDA67060045B36C /* LaunchScreen.storyboard */ = {
			isa = PBXVariantGroup;
			children = (
				9327FB8E1DDA67060045B36C /* Base */,
			);
			name = LaunchScreen.storyboard;
			sourceTree = "<group>";
		};
/* End PBXVariantGroup section */

/* Begin XCBuildConfiguration section */
		9327FB911DDA67060045B36C /* Debug */ = {
			isa = XCBuildConfiguration;
			buildSettings = {
				ALWAYS_SEARCH_USER_PATHS = NO;
				CLANG_ANALYZER_NONNULL = YES;
				CLANG_CXX_LANGUAGE_STANDARD = "gnu++0x";
				CLANG_CXX_LIBRARY = "libc++";
				CLANG_ENABLE_MODULES = YES;
				CLANG_ENABLE_OBJC_ARC = YES;
				CLANG_WARN_BOOL_CONVERSION = YES;
				CLANG_WARN_CONSTANT_CONVERSION = YES;
				CLANG_WARN_DIRECT_OBJC_ISA_USAGE = YES_ERROR;
				CLANG_WARN_DOCUMENTATION_COMMENTS = YES;
				CLANG_WARN_EMPTY_BODY = YES;
				CLANG_WARN_ENUM_CONVERSION = YES;
				CLANG_WARN_INFINITE_RECURSION = YES;
				CLANG_WARN_INT_CONVERSION = YES;
				CLANG_WARN_OBJC_ROOT_CLASS = YES_ERROR;
				CLANG_WARN_SUSPICIOUS_MOVES = YES;
				CLANG_WARN_UNREACHABLE_CODE = YES;
				CLANG_WARN__DUPLICATE_METHOD_MATCH = YES;
				"CODE_SIGN_IDENTITY[sdk=iphoneos*]" = "iPhone Developer";
				COPY_PHASE_STRIP = NO;
				DEBUG_INFORMATION_FORMAT = dwarf;
				ENABLE_STRICT_OBJC_MSGSEND = YES;
				ENABLE_TESTABILITY = YES;
				GCC_C_LANGUAGE_STANDARD = gnu99;
				GCC_DYNAMIC_NO_PIC = NO;
				GCC_NO_COMMON_BLOCKS = YES;
				GCC_OPTIMIZATION_LEVEL = 0;
				GCC_PREPROCESSOR_DEFINITIONS = (
					"DEBUG=1",
					"$(inherited)",
				);
				GCC_WARN_64_TO_32_BIT_CONVERSION = YES;
				GCC_WARN_ABOUT_RETURN_TYPE = YES_ERROR;
				GCC_WARN_UNDECLARED_SELECTOR = YES;
				GCC_WARN_UNINITIALIZED_AUTOS = YES_AGGRESSIVE;
				GCC_WARN_UNUSED_FUNCTION = YES;
				GCC_WARN_UNUSED_VARIABLE = YES;
				IPHONEOS_DEPLOYMENT_TARGET = 10.1;
				MTL_ENABLE_DEBUG_INFO = YES;
				ONLY_ACTIVE_ARCH = YES;
				SDKROOT = iphoneos;
				SWIFT_ACTIVE_COMPILATION_CONDITIONS = DEBUG;
				SWIFT_OPTIMIZATION_LEVEL = "-Onone";
				TARGETED_DEVICE_FAMILY = "1,2";
			};
			name = Debug;
		};
		9327FB921DDA67060045B36C /* Release */ = {
			isa = XCBuildConfiguration;
			buildSettings = {
				ALWAYS_SEARCH_USER_PATHS = NO;
				CLANG_ANALYZER_NONNULL = YES;
				CLANG_CXX_LANGUAGE_STANDARD = "gnu++0x";
				CLANG_CXX_LIBRARY = "libc++";
				CLANG_ENABLE_MODULES = YES;
				CLANG_ENABLE_OBJC_ARC = YES;
				CLANG_WARN_BOOL_CONVERSION = YES;
				CLANG_WARN_CONSTANT_CONVERSION = YES;
				CLANG_WARN_DIRECT_OBJC_ISA_USAGE = YES_ERROR;
				CLANG_WARN_DOCUMENTATION_COMMENTS = YES;
				CLANG_WARN_EMPTY_BODY = YES;
				CLANG_WARN_ENUM_CONVERSION = YES;
				CLANG_WARN_INFINITE_RECURSION = YES;
				CLANG_WARN_INT_CONVERSION = YES;
				CLANG_WARN_OBJC_ROOT_CLASS = YES_ERROR;
				CLANG_WARN_SUSPICIOUS_MOVES = YES;
				CLANG_WARN_UNREACHABLE_CODE = YES;
				CLANG_WARN__DUPLICATE_METHOD_MATCH = YES;
				"CODE_SIGN_IDENTITY[sdk=iphoneos*]" = "iPhone Developer";
				COPY_PHASE_STRIP = NO;
				DEBUG_INFORMATION_FORMAT = "dwarf-with-dsym";
				ENABLE_NS_ASSERTIONS = NO;
				ENABLE_STRICT_OBJC_MSGSEND = YES;
				GCC_C_LANGUAGE_STANDARD = gnu99;
				GCC_NO_COMMON_BLOCKS = YES;
				GCC_WARN_64_TO_32_BIT_CONVERSION = YES;
				GCC_WARN_ABOUT_RETURN_TYPE = YES_ERROR;
				GCC_WARN_UNDECLARED_SELECTOR = YES;
				GCC_WARN_UNINITIALIZED_AUTOS = YES_AGGRESSIVE;
				GCC_WARN_UNUSED_FUNCTION = YES;
				GCC_WARN_UNUSED_VARIABLE = YES;
				IPHONEOS_DEPLOYMENT_TARGET = 10.1;
				MTL_ENABLE_DEBUG_INFO = NO;
				SDKROOT = iphoneos;
				SWIFT_OPTIMIZATION_LEVEL = "-Owholemodule";
				TARGETED_DEVICE_FAMILY = "1,2";
				VALIDATE_PRODUCT = YES;
			};
			name = Release;
		};
		9327FB941DDA67060045B36C /* Debug */ = {
			isa = XCBuildConfiguration;
			buildSettings = {
				ASSETCATALOG_COMPILER_APPICON_NAME = AppIcon;
				DEVELOPMENT_TEAM = D9JMB4MDLY;
				INFOPLIST_FILE = ChristmasLightsCostCalculator/Info.plist;
				LD_RUNPATH_SEARCH_PATHS = "$(inherited) @executable_path/Frameworks";
				PRODUCT_BUNDLE_IDENTIFIER = com.aaronmartinez.ChristmasLightsCostCalculator;
				PRODUCT_NAME = "$(TARGET_NAME)";
				SWIFT_VERSION = 3.0;
			};
			name = Debug;
		};
		9327FB951DDA67060045B36C /* Release */ = {
			isa = XCBuildConfiguration;
			buildSettings = {
				ASSETCATALOG_COMPILER_APPICON_NAME = AppIcon;
				DEVELOPMENT_TEAM = D9JMB4MDLY;
				INFOPLIST_FILE = ChristmasLightsCostCalculator/Info.plist;
				LD_RUNPATH_SEARCH_PATHS = "$(inherited) @executable_path/Frameworks";
				PRODUCT_BUNDLE_IDENTIFIER = com.aaronmartinez.ChristmasLightsCostCalculator;
				PRODUCT_NAME = "$(TARGET_NAME)";
				SWIFT_VERSION = 3.0;
			};
			name = Release;
		};
/* End XCBuildConfiguration section */

/* Begin XCConfigurationList section */
		9327FB7C1DDA67060045B36C /* Build configuration list for PBXProject "ChristmasLightsCostCalculator" */ = {
			isa = XCConfigurationList;
			buildConfigurations = (
				9327FB911DDA67060045B36C /* Debug */,
				9327FB921DDA67060045B36C /* Release */,
			);
			defaultConfigurationIsVisible = 0;
			defaultConfigurationName = Release;
		};
		9327FB931DDA67060045B36C /* Build configuration list for PBXNativeTarget "ChristmasLightsCostCalculator" */ = {
			isa = XCConfigurationList;
			buildConfigurations = (
				9327FB941DDA67060045B36C /* Debug */,
				9327FB951DDA67060045B36C /* Release */,
			);
			defaultConfigurationIsVisible = 0;
			defaultConfigurationName = Release;
		};
/* End XCConfigurationList section */
	};
	rootObject = 9327FB791DDA67060045B36C /* Project object */;
}
